PODS:
  - Ads-CN-Beta (7.7.0.3):
    - Ads-CN-Beta/BUAdLive-Framework (= 7.7.0.3)
    - Ads-CN-Beta/BUAdSDK (= 7.7.0.3)
  - Ads-CN-Beta/BUAdLive (7.7.0.3)
  - Ads-CN-Beta/BUAdLive-Framework (7.7.0.3):
    - Ads-CN-Beta/BUAdLive
    - BUTTSDKFramework/LivePull-Lite (= 1.48.2.3-premium)
  - Ads-CN-Beta/BUAdSDK (7.7.0.3)
  - Ads-CN-Beta/CSJMediation (7.7.0.3):
    - Ads-CN-Beta/BUAdLive-Framework
    - Ads-CN-Beta/CSJMediation-Only
  - Ads-CN-Beta/CSJMediation-Only (7.7.0.3):
    - Ads-CN-Beta/BUAdSDK
  - BUTTSDKFramework/Core (1.48.2.3-premium)
  - BUTTSDKFramework/LiveBase (1.48.2.3-premium):
    - BUTTSDKFramework/Core
    - BUTTSDKFramework/Reachability
  - BUTTSDKFramework/LivePlayer/Base (1.48.2.3-premium):
    - BUTTSDKFramework/Core
    - BUTTSDKFramework/LiveBase
    - BUTTSDKFramework/LivePull-VolcLog
    - BUTTSDKFramework/Reachability
  - BUTTSDKFramework/LivePlayer/Lite (1.48.2.3-premium):
    - BUTTSDKFramework/LivePlayer/Base
    - BUTTSDKFramework/PlayerCore/LiveLite
  - BUTTSDKFramework/LivePull-Lite (1.48.2.3-premium):
    - BUTTSDKFramework/LivePlayer/Lite
    - BUTTSDKFramework/Strategy/Lite
  - BUTTSDKFramework/LivePull-VolcLog (1.48.2.3-premium):
    - BUTTSDKFramework/VolcLog
  - BUTTSDKFramework/PlayerCore/Base (1.48.2.3-premium):
    - BUTTSDKFramework/Core
  - BUTTSDKFramework/PlayerCore/LiveLite (1.48.2.3-premium):
    - BUTTSDKFramework/PlayerCore/Base
    - BUTTSDKFramework/TTFFmpeg/LiveLite
  - BUTTSDKFramework/Reachability (1.48.2.3-premium)
  - BUTTSDKFramework/Strategy/Core (1.48.2.3-premium):
    - BUTTSDKFramework/LiveBase
    - BUTTSDKFramework/Reachability
  - BUTTSDKFramework/Strategy/Lite (1.48.2.3-premium):
    - BUTTSDKFramework/LivePlayer/Lite
    - BUTTSDKFramework/Strategy/Core
  - BUTTSDKFramework/TTFFmpeg/LiveLite (1.48.2.3-premium)
  - BUTTSDKFramework/VolcLog (1.48.2.3-premium)
  - Flutter (1.0.0)
  - gromore_flutter (2.1.9):
    - Ads-CN-Beta (= 7.7.0.3)
    - Flutter
    - gromore_flutter/BUAdSDK (= 2.1.9)
    - gromore_flutter/CSJMediation (= 2.1.9)
  - gromore_flutter/BUAdSDK (2.1.9):
    - Ads-CN-Beta (= 7.7.0.3)
    - Ads-CN-Beta/BUAdSDK (= 7.7.0.3)
    - Flutter
  - gromore_flutter/CSJMediation (2.1.9):
    - Ads-CN-Beta (= 7.7.0.3)
    - Ads-CN-Beta/CSJMediation (= 7.7.0.3)
    - Flutter

DEPENDENCIES:
  - Ads-CN-Beta/CSJMediation (= 7.7.0.3)
  - Flutter (from `Flutter`)
  - gromore_flutter (from `.symlinks/plugins/gromore_flutter/ios`)

SPEC REPOS:
  trunk:
    - Ads-CN-Beta
    - BUTTSDKFramework

EXTERNAL SOURCES:
  Flutter:
    :path: Flutter
  gromore_flutter:
    :path: ".symlinks/plugins/gromore_flutter/ios"

SPEC CHECKSUMS:
  Ads-CN-Beta: 5b1fe31c649807cebdee9bc47bb94eea8bf24a4f
  BUTTSDKFramework: 34f8f8d541da07e79e9c479eb71336d1e4d90fdd
  Flutter: cabc95a1d2626b1b06e7179b784ebcf0c0cde467
  gromore_flutter: 3eb465af3a09f96ebfc64495afd8ed9cce643c0e

PODFILE CHECKSUM: 836f318ea9fca503c4838d3d7dca971a5566bd9d

COCOAPODS: 1.16.2
