PODS:
  - Ads-CN-Beta (7.4.0.1):
    - Ads-CN-Beta/BUAdLive-Framework (= 7.4.0.1)
    - Ads-CN-Beta/BUAdSDK (= 7.4.0.1)
  - Ads-CN-Beta/BUAdLive (7.4.0.1)
  - Ads-CN-Beta/BUAdLive-Framework (7.4.0.1):
    - Ads-CN-Beta/BUAdLive
    - BUTTSDKFramework/LivePull-Lite (= 1.48.2.3-premium)
  - Ads-CN-Beta/BUAdSDK (7.4.0.1)
  - Ads-CN-Beta/CSJMediation (7.4.0.1):
    - Ads-CN-Beta/BUAdLive-Framework
    - Ads-CN-Beta/CSJMediation-Only
  - Ads-CN-Beta/CSJMediation-Only (7.4.0.1):
    - Ads-CN-Beta/BUAdSDK
  - BUTTSDKFramework/Core (1.48.2.3-premium)
  - BUTTSDKFramework/LiveBase (1.48.2.3-premium):
    - BUTTSDKFramework/Core
    - BUTTSDKFramework/Reachability
  - BUTTSDKFramework/LivePlayer/Base (1.48.2.3-premium):
    - BUTTSDKFramework/Core
    - BUTTSDKFramework/LiveBase
    - BUTTSDKFramework/LivePull-VolcLog
    - BUTTSDKFramework/Reachability
  - BUTTSDKFramework/LivePlayer/Lite (1.48.2.3-premium):
    - BUTTSDKFramework/LivePlayer/Base
    - BUTTSDKFramework/PlayerCore/LiveLite
  - BUTTSDKFramework/LivePull-Lite (1.48.2.3-premium):
    - BUTTSDKFramework/LivePlayer/Lite
    - BUTTSDKFramework/Strategy/Lite
  - BUTTSDKFramework/LivePull-VolcLog (1.48.2.3-premium):
    - BUTTSDKFramework/VolcLog
  - BUTTSDKFramework/PlayerCore/Base (1.48.2.3-premium):
    - BUTTSDKFramework/Core
  - BUTTSDKFramework/PlayerCore/LiveLite (1.48.2.3-premium):
    - BUTTSDKFramework/PlayerCore/Base
    - BUTTSDKFramework/TTFFmpeg/LiveLite
  - BUTTSDKFramework/Reachability (1.48.2.3-premium)
  - BUTTSDKFramework/Strategy/Core (1.48.2.3-premium):
    - BUTTSDKFramework/LiveBase
    - BUTTSDKFramework/Reachability
  - BUTTSDKFramework/Strategy/Lite (1.48.2.3-premium):
    - BUTTSDKFramework/LivePlayer/Lite
    - BUTTSDKFramework/Strategy/Core
  - BUTTSDKFramework/TTFFmpeg/LiveLite (1.48.2.3-premium)
  - BUTTSDKFramework/VolcLog (1.48.2.3-premium)
  - Flutter (1.0.0)
  - gromore_flutter (2.1.7):
    - Ads-CN-Beta (= 7.4.0.1)
    - Flutter
    - gromore_flutter/BUAdSDK (= 2.1.7)
    - gromore_flutter/CSJMediation (= 2.1.7)
  - gromore_flutter/BUAdSDK (2.1.7):
    - Ads-CN-Beta (= 7.4.0.1)
    - Ads-CN-Beta/BUAdSDK (= 7.4.0.1)
    - Flutter
  - gromore_flutter/CSJMediation (2.1.7):
    - Ads-CN-Beta (= 7.4.0.1)
    - Ads-CN-Beta/CSJMediation (= 7.4.0.1)
    - Flutter
  - integration_test (0.0.1):
    - Flutter
  - path_provider_foundation (0.0.1):
    - Flutter
    - FlutterMacOS

DEPENDENCIES:
  - Ads-CN-Beta/CSJMediation (= 7.4.0.1)
  - Flutter (from `Flutter`)
  - gromore_flutter (from `.symlinks/plugins/gromore_flutter/ios`)
  - integration_test (from `.symlinks/plugins/integration_test/ios`)
  - path_provider_foundation (from `.symlinks/plugins/path_provider_foundation/darwin`)

SPEC REPOS:
  trunk:
    - Ads-CN-Beta
    - BUTTSDKFramework

EXTERNAL SOURCES:
  Flutter:
    :path: Flutter
  gromore_flutter:
    :path: ".symlinks/plugins/gromore_flutter/ios"
  integration_test:
    :path: ".symlinks/plugins/integration_test/ios"
  path_provider_foundation:
    :path: ".symlinks/plugins/path_provider_foundation/darwin"

SPEC CHECKSUMS:
  Ads-CN-Beta: a67939685f31aa8b9041d0403c3abcb056f107d3
  BUTTSDKFramework: 34f8f8d541da07e79e9c479eb71336d1e4d90fdd
  Flutter: e0871f40cf51350855a761d2e70bf5af5b9b5de7
  gromore_flutter: fcc76e475b651bcd8a9fcd8b5fc2e408cb2b4704
  integration_test: 252f60fa39af5e17c3aa9899d35d908a0721b573
  path_provider_foundation: 2b6b4c569c0fb62ec74538f866245ac84301af46

PODFILE CHECKSUM: 596ce342c893f73271871c9b9a1624306429c8a2

COCOAPODS: 1.16.2
